
Microsoft Visual Studio Solution File, Format Version 12.00
# Visual Studio Version 16
VisualStudioVersion = 16.0.32228.343
MinimumVisualStudioVersion = 10.0.40219.1
Project("{8BC9CEB8-8B4A-11D0-8D11-00A0C91BC942}") = "Set_Cont_List_Makaricheva", "Set_Cont_List_Makaricheva.vcxproj", "{CEFD60A8-9FE8-452E-A07F-089F2320464F}"
EndProject
Global
	GlobalSection(SolutionConfigurationPlatforms) = preSolution
		Debug|x64 = Debug|x64
		Debug|x86 = Debug|x86
		Release|x64 = Release|x64
		Release|x86 = Release|x86
	EndGlobalSection
	GlobalSection(ProjectConfigurationPlatforms) = postSolution
		{CEFD60A8-9FE8-452E-A07F-089F2320464F}.Debug|x64.ActiveCfg = Debug|x64
		{CEFD60A8-9FE8-452E-A07F-089F2320464F}.Debug|x64.Build.0 = Debug|x64
		{CEFD60A8-9FE8-452E-A07F-089F2320464F}.Debug|x86.ActiveCfg = Debug|Win32
		{CEFD60A8-9FE8-452E-A07F-089F2320464F}.Debug|x86.Build.0 = Debug|Win32
		{CEFD60A8-9FE8-452E-A07F-089F2320464F}.Release|x64.ActiveCfg = Release|x64
		{CEFD60A8-9FE8-452E-A07F-089F2320464F}.Release|x64.Build.0 = Release|x64
		{CEFD60A8-9FE8-452E-A07F-089F2320464F}.Release|x86.ActiveCfg = Release|Win32
		{CEFD60A8-9FE8-452E-A07F-089F2320464F}.Release|x86.Build.0 = Release|Win32
	EndGlobalSection
	GlobalSection(SolutionProperties) = preSolution
		HideSolutionNode = FALSE
	EndGlobalSection
	GlobalSection(ExtensibilityGlobals) = postSolution
		SolutionGuid = {AE329D13-F0C5-4F2B-9093-057E3266FAB3}
	EndGlobalSection
EndGlobal
